# @generated - this file is auto-generated by `mise lock` https://mise.en.dev/dev-tools/mise-lock.html

[[tools."github:goreleaser/goreleaser"]]
version = "2.16.0"
backend = "github:goreleaser/goreleaser"

[tools."github:goreleaser/goreleaser"."platforms.linux-arm64"]
checksum = "sha256:0102d974373fcdeb77042d1f5897caffa193be36620fdc6c1da43a01ef8e10d3"
url = "https://github.com/goreleaser/goreleaser/releases/download/v2.16.0/goreleaser_Linux_arm64.tar.gz"
url_api = "https://api.github.com/repos/goreleaser/goreleaser/releases/assets/428676998"

[tools."github:goreleaser/goreleaser"."platforms.linux-arm64-musl"]
checksum = "sha256:0102d974373fcdeb77042d1f5897caffa193be36620fdc6c1da43a01ef8e10d3"
url = "https://github.com/goreleaser/goreleaser/releases/download/v2.16.0/goreleaser_Linux_arm64.tar.gz"
url_api = "https://api.github.com/repos/goreleaser/goreleaser/releases/assets/428676998"

[tools."github:goreleaser/goreleaser"."platforms.linux-x64"]
checksum = "sha256:eaae05b5eba07533bd0f06846b68c808399504784df00c62eb219541fc04e5e2"
url = "https://github.com/goreleaser/goreleaser/releases/download/v2.16.0/goreleaser_Linux_x86_64.tar.gz"
url_api = "https://api.github.com/repos/goreleaser/goreleaser/releases/assets/428676974"

[tools."github:goreleaser/goreleaser"."platforms.linux-x64-musl"]
checksum = "sha256:eaae05b5eba07533bd0f06846b68c808399504784df00c62eb219541fc04e5e2"
url = "https://github.com/goreleaser/goreleaser/releases/download/v2.16.0/goreleaser_Linux_x86_64.tar.gz"
url_api = "https://api.github.com/repos/goreleaser/goreleaser/releases/assets/428676974"

[tools."github:goreleaser/goreleaser"."platforms.macos-arm64"]
checksum = "sha256:8f6898256f35531165d90f2db581c5ee0d32bda83ebc25ac231ff5bdb9d2071a"
url = "https://github.com/goreleaser/goreleaser/releases/download/v2.16.0/goreleaser_Darwin_arm64.tar.gz"
url_api = "https://api.github.com/repos/goreleaser/goreleaser/releases/assets/428676989"

[tools."github:goreleaser/goreleaser"."platforms.macos-x64"]
checksum = "sha256:2b82d8319ee517d4242b48a858114b267c621f1dd1fe51a14680902b18a5dac8"
url = "https://github.com/goreleaser/goreleaser/releases/download/v2.16.0/goreleaser_Darwin_x86_64.tar.gz"
url_api = "https://api.github.com/repos/goreleaser/goreleaser/releases/assets/428676992"

[tools."github:goreleaser/goreleaser"."platforms.windows-x64"]
checksum = "sha256:6fe5eda11f0bcac8069aff3ef3dcb0b11816c9e95f89773595564697a5278bc9"
url = "https://github.com/goreleaser/goreleaser/releases/download/v2.16.0/goreleaser_Windows_x86_64.zip"
url_api = "https://api.github.com/repos/goreleaser/goreleaser/releases/assets/428676991"

[[tools.ko]]
version = "0.19.0"
backend = "aqua:ko-build/ko"

[tools.ko."platforms.linux-arm64"]
checksum = "sha256:313e85ea4407c4f32085e5d9b59ebeae748cb99712e28745b99ee8ba85807ee0"
url = "https://github.com/ko-build/ko/releases/download/v0.19.0/ko_0.19.0_Linux_arm64.tar.gz"

[tools.ko."platforms.linux-arm64-musl"]
checksum = "sha256:313e85ea4407c4f32085e5d9b59ebeae748cb99712e28745b99ee8ba85807ee0"
url = "https://github.com/ko-build/ko/releases/download/v0.19.0/ko_0.19.0_Linux_arm64.tar.gz"

[tools.ko."platforms.linux-x64"]
checksum = "sha256:55afa9c0738203de68567e5a3f55372751c35d0b41c7b7e102c4053ec07e1698"
url = "https://github.com/ko-build/ko/releases/download/v0.19.0/ko_0.19.0_Linux_x86_64.tar.gz"

[tools.ko."platforms.linux-x64-musl"]
checksum = "sha256:55afa9c0738203de68567e5a3f55372751c35d0b41c7b7e102c4053ec07e1698"
url = "https://github.com/ko-build/ko/releases/download/v0.19.0/ko_0.19.0_Linux_x86_64.tar.gz"

[tools.ko."platforms.macos-arm64"]
checksum = "sha256:1f208520e58ac589fda4f9f5b531174032a1f1eeea218f7bd4381e0c63b97c31"
url = "https://github.com/ko-build/ko/releases/download/v0.19.0/ko_0.19.0_Darwin_arm64.tar.gz"

[tools.ko."platforms.macos-x64"]
checksum = "sha256:22d77d8ab7929bbe1670ded1df1ef2d385c15b96bcfdc9428e98159eca153b97"
url = "https://github.com/ko-build/ko/releases/download/v0.19.0/ko_0.19.0_Darwin_x86_64.tar.gz"

[tools.ko."platforms.windows-x64"]
checksum = "sha256:7c51a7a92ab190b9eafddb6ae6819c597e4754040704a4abdfbfd1651a75ceaa"
url = "https://github.com/ko-build/ko/releases/download/v0.19.0/ko_0.19.0_Windows_x86_64.tar.gz"
