# @generated - this file is auto-generated by `mise lock` https://mise.en.dev/dev-tools/mise-lock.html

[[tools."github:goreleaser/goreleaser"]]
version = "2.16.0"
backend = "github:goreleaser/goreleaser"

[tools."github:goreleaser/goreleaser"."platforms.linux-arm64"]
checksum = "sha256:0102d974373fcdeb77042d1f5897caffa193be36620fdc6c1da43a01ef8e10d3"
url = "https://github.com/goreleaser/goreleaser/releases/download/v2.16.0/goreleaser_Linux_arm64.tar.gz"
url_api = "https://api.github.com/repos/goreleaser/goreleaser/releases/assets/428676998"

[tools."github:goreleaser/goreleaser"."platforms.linux-arm64-musl"]
checksum = "sha256:0102d974373fcdeb77042d1f5897caffa193be36620fdc6c1da43a01ef8e10d3"
url = "https://github.com/goreleaser/goreleaser/releases/download/v2.16.0/goreleaser_Linux_arm64.tar.gz"
url_api = "https://api.github.com/repos/goreleaser/goreleaser/releases/assets/428676998"

[tools."github:goreleaser/goreleaser"."platforms.linux-x64"]
checksum = "sha256:eaae05b5eba07533bd0f06846b68c808399504784df00c62eb219541fc04e5e2"
url = "https://github.com/goreleaser/goreleaser/releases/download/v2.16.0/goreleaser_Linux_x86_64.tar.gz"
url_api = "https://api.github.com/repos/goreleaser/goreleaser/releases/assets/428676974"

[tools."github:goreleaser/goreleaser"."platforms.linux-x64-musl"]
checksum = "sha256:eaae05b5eba07533bd0f06846b68c808399504784df00c62eb219541fc04e5e2"
url = "https://github.com/goreleaser/goreleaser/releases/download/v2.16.0/goreleaser_Linux_x86_64.tar.gz"
url_api = "https://api.github.com/repos/goreleaser/goreleaser/releases/assets/428676974"

[tools."github:goreleaser/goreleaser"."platforms.macos-arm64"]
checksum = "sha256:8f6898256f35531165d90f2db581c5ee0d32bda83ebc25ac231ff5bdb9d2071a"
url = "https://github.com/goreleaser/goreleaser/releases/download/v2.16.0/goreleaser_Darwin_arm64.tar.gz"
url_api = "https://api.github.com/repos/goreleaser/goreleaser/releases/assets/428676989"

[tools."github:goreleaser/goreleaser"."platforms.macos-x64"]
checksum = "sha256:2b82d8319ee517d4242b48a858114b267c621f1dd1fe51a14680902b18a5dac8"
url = "https://github.com/goreleaser/goreleaser/releases/download/v2.16.0/goreleaser_Darwin_x86_64.tar.gz"
url_api = "https://api.github.com/repos/goreleaser/goreleaser/releases/assets/428676992"

[tools."github:goreleaser/goreleaser"."platforms.windows-x64"]
checksum = "sha256:6fe5eda11f0bcac8069aff3ef3dcb0b11816c9e95f89773595564697a5278bc9"
url = "https://github.com/goreleaser/goreleaser/releases/download/v2.16.0/goreleaser_Windows_x86_64.zip"
url_api = "https://api.github.com/repos/goreleaser/goreleaser/releases/assets/428676991"

[[tools.ko]]
version = "0.18.1"
backend = "aqua:ko-build/ko"

[tools.ko."platforms.linux-arm64"]
checksum = "sha256:9a26698876892128952fa3d038a4e99bea961d0d225865c60474b79e3db12e99"
url = "https://github.com/ko-build/ko/releases/download/v0.18.1/ko_0.18.1_Linux_arm64.tar.gz"

[tools.ko."platforms.linux-arm64-musl"]
checksum = "sha256:9a26698876892128952fa3d038a4e99bea961d0d225865c60474b79e3db12e99"
url = "https://github.com/ko-build/ko/releases/download/v0.18.1/ko_0.18.1_Linux_arm64.tar.gz"

[tools.ko."platforms.linux-x64"]
checksum = "sha256:048ab11818089a43b7b74bc554494a79a3fd0d9822c061142e5cd3cf8b30cb27"
url = "https://github.com/ko-build/ko/releases/download/v0.18.1/ko_0.18.1_Linux_x86_64.tar.gz"

[tools.ko."platforms.linux-x64-musl"]
checksum = "sha256:048ab11818089a43b7b74bc554494a79a3fd0d9822c061142e5cd3cf8b30cb27"
url = "https://github.com/ko-build/ko/releases/download/v0.18.1/ko_0.18.1_Linux_x86_64.tar.gz"

[tools.ko."platforms.macos-arm64"]
checksum = "sha256:752a639e0fbc013a35a43974b5ed87e7008bc2aee4952dfd2cc19f0013205492"
url = "https://github.com/ko-build/ko/releases/download/v0.18.1/ko_0.18.1_Darwin_arm64.tar.gz"

[tools.ko."platforms.macos-x64"]
checksum = "sha256:0e0dd8fddbefebb8572ece4dca8f07a7472de862fedd7e9845fd9d651e0d5dbe"
url = "https://github.com/ko-build/ko/releases/download/v0.18.1/ko_0.18.1_Darwin_x86_64.tar.gz"

[tools.ko."platforms.windows-x64"]
checksum = "sha256:d15c5e391279a2222d4d659ac53047e08d70e21fea54b2133f0a5c25a1f1f694"
url = "https://github.com/ko-build/ko/releases/download/v0.18.1/ko_0.18.1_Windows_x86_64.tar.gz"
