# @generated - this file is auto-generated by `mise lock` https://mise.en.dev/dev-tools/mise-lock.html

[[tools."github:goreleaser/goreleaser"]]
version = "2.16.0"
backend = "github:goreleaser/goreleaser"

[tools."github:goreleaser/goreleaser"."platforms.linux-arm64"]
checksum = "sha256:0102d974373fcdeb77042d1f5897caffa193be36620fdc6c1da43a01ef8e10d3"
url = "https://github.com/goreleaser/goreleaser/releases/download/v2.16.0/goreleaser_Linux_arm64.tar.gz"
url_api = "https://api.github.com/repos/goreleaser/goreleaser/releases/assets/428676998"

[tools."github:goreleaser/goreleaser"."platforms.linux-arm64-musl"]
checksum = "sha256:0102d974373fcdeb77042d1f5897caffa193be36620fdc6c1da43a01ef8e10d3"
url = "https://github.com/goreleaser/goreleaser/releases/download/v2.16.0/goreleaser_Linux_arm64.tar.gz"
url_api = "https://api.github.com/repos/goreleaser/goreleaser/releases/assets/428676998"

[tools."github:goreleaser/goreleaser"."platforms.linux-x64"]
checksum = "sha256:eaae05b5eba07533bd0f06846b68c808399504784df00c62eb219541fc04e5e2"
url = "https://github.com/goreleaser/goreleaser/releases/download/v2.16.0/goreleaser_Linux_x86_64.tar.gz"
url_api = "https://api.github.com/repos/goreleaser/goreleaser/releases/assets/428676974"

[tools."github:goreleaser/goreleaser"."platforms.linux-x64-musl"]
checksum = "sha256:eaae05b5eba07533bd0f06846b68c808399504784df00c62eb219541fc04e5e2"
url = "https://github.com/goreleaser/goreleaser/releases/download/v2.16.0/goreleaser_Linux_x86_64.tar.gz"
url_api = "https://api.github.com/repos/goreleaser/goreleaser/releases/assets/428676974"

[tools."github:goreleaser/goreleaser"."platforms.macos-arm64"]
checksum = "sha256:8f6898256f35531165d90f2db581c5ee0d32bda83ebc25ac231ff5bdb9d2071a"
url = "https://github.com/goreleaser/goreleaser/releases/download/v2.16.0/goreleaser_Darwin_arm64.tar.gz"
url_api = "https://api.github.com/repos/goreleaser/goreleaser/releases/assets/428676989"

[tools."github:goreleaser/goreleaser"."platforms.macos-x64"]
checksum = "sha256:2b82d8319ee517d4242b48a858114b267c621f1dd1fe51a14680902b18a5dac8"
url = "https://github.com/goreleaser/goreleaser/releases/download/v2.16.0/goreleaser_Darwin_x86_64.tar.gz"
url_api = "https://api.github.com/repos/goreleaser/goreleaser/releases/assets/428676992"

[tools."github:goreleaser/goreleaser"."platforms.windows-x64"]
checksum = "sha256:6fe5eda11f0bcac8069aff3ef3dcb0b11816c9e95f89773595564697a5278bc9"
url = "https://github.com/goreleaser/goreleaser/releases/download/v2.16.0/goreleaser_Windows_x86_64.zip"
url_api = "https://api.github.com/repos/goreleaser/goreleaser/releases/assets/428676991"

[[tools.ko]]
version = "0.19.1"
backend = "aqua:ko-build/ko"

[tools.ko."platforms.linux-arm64"]
checksum = "sha256:4099b2d1170d3b8a70e049237462efc2dd14d5fa30e9d2e5e108fb4f778cdd3f"
url = "https://github.com/ko-build/ko/releases/download/v0.19.1/ko_0.19.1_Linux_arm64.tar.gz"
url_api = "https://api.github.com/repos/ko-build/ko/releases/assets/461171819"

[tools.ko."platforms.linux-arm64-musl"]
checksum = "sha256:4099b2d1170d3b8a70e049237462efc2dd14d5fa30e9d2e5e108fb4f778cdd3f"
url = "https://github.com/ko-build/ko/releases/download/v0.19.1/ko_0.19.1_Linux_arm64.tar.gz"
url_api = "https://api.github.com/repos/ko-build/ko/releases/assets/461171819"

[tools.ko."platforms.linux-x64"]
checksum = "sha256:635ac6ea3fd376c935fee597fbb29ab2c2449f49ef1655085fe3aa9c25fed7a5"
url = "https://github.com/ko-build/ko/releases/download/v0.19.1/ko_0.19.1_Linux_x86_64.tar.gz"
url_api = "https://api.github.com/repos/ko-build/ko/releases/assets/461171792"

[tools.ko."platforms.linux-x64-musl"]
checksum = "sha256:635ac6ea3fd376c935fee597fbb29ab2c2449f49ef1655085fe3aa9c25fed7a5"
url = "https://github.com/ko-build/ko/releases/download/v0.19.1/ko_0.19.1_Linux_x86_64.tar.gz"
url_api = "https://api.github.com/repos/ko-build/ko/releases/assets/461171792"

[tools.ko."platforms.macos-arm64"]
checksum = "sha256:a1338c4140c8c94e789733e21b161a3de177b467cd3c388b634fe1a869574509"
url = "https://github.com/ko-build/ko/releases/download/v0.19.1/ko_0.19.1_Darwin_arm64.tar.gz"
url_api = "https://api.github.com/repos/ko-build/ko/releases/assets/461171820"

[tools.ko."platforms.macos-x64"]
checksum = "sha256:1b4ed52a5e506a55b085c7f106eb743ee756c776cc90fa232a539a47ad665310"
url = "https://github.com/ko-build/ko/releases/download/v0.19.1/ko_0.19.1_Darwin_x86_64.tar.gz"
url_api = "https://api.github.com/repos/ko-build/ko/releases/assets/461171805"

[tools.ko."platforms.windows-x64"]
checksum = "sha256:f70b0c9ea1874e81358a1886d478ebee9eb17d4f07e8dcaa779c4250a2aaea70"
url = "https://github.com/ko-build/ko/releases/download/v0.19.1/ko_0.19.1_Windows_x86_64.tar.gz"
url_api = "https://api.github.com/repos/ko-build/ko/releases/assets/461171790"
