# @generated - this file is auto-generated by `mise lock` https://mise.en.dev/dev-tools/mise-lock.html

[[tools."aqua:mvdan/gofumpt"]]
version = "0.10.0"
backend = "aqua:mvdan/gofumpt"

[tools."aqua:mvdan/gofumpt"."platforms.linux-arm64"]
checksum = "sha256:5d239f93b1ed2dfe74d39b25112bb770a04f6581f986d4b4f5d380521e12ca61"
url = "https://github.com/mvdan/gofumpt/releases/download/v0.10.0/gofumpt_v0.10.0_linux_arm64"

[tools."aqua:mvdan/gofumpt"."platforms.linux-arm64-musl"]
checksum = "sha256:5d239f93b1ed2dfe74d39b25112bb770a04f6581f986d4b4f5d380521e12ca61"
url = "https://github.com/mvdan/gofumpt/releases/download/v0.10.0/gofumpt_v0.10.0_linux_arm64"

[tools."aqua:mvdan/gofumpt"."platforms.linux-x64"]
checksum = "sha256:48ee398ec72afdaca6accb70f5ed741349d5dcccb52c5bb4c4469d698980b186"
url = "https://github.com/mvdan/gofumpt/releases/download/v0.10.0/gofumpt_v0.10.0_linux_amd64"

[tools."aqua:mvdan/gofumpt"."platforms.linux-x64-musl"]
checksum = "sha256:48ee398ec72afdaca6accb70f5ed741349d5dcccb52c5bb4c4469d698980b186"
url = "https://github.com/mvdan/gofumpt/releases/download/v0.10.0/gofumpt_v0.10.0_linux_amd64"

[tools."aqua:mvdan/gofumpt"."platforms.macos-arm64"]
checksum = "sha256:ba4b348e729cba915d5c7dc515774e2f2c7cc5c5ad011de20d34be10e5a2f906"
url = "https://github.com/mvdan/gofumpt/releases/download/v0.10.0/gofumpt_v0.10.0_darwin_arm64"

[tools."aqua:mvdan/gofumpt"."platforms.macos-x64"]
checksum = "sha256:30e5b914a824c3b6bd0480e4f493517012167d380de74643879c50f4aa0c834e"
url = "https://github.com/mvdan/gofumpt/releases/download/v0.10.0/gofumpt_v0.10.0_darwin_amd64"

[tools."aqua:mvdan/gofumpt"."platforms.windows-x64"]
checksum = "sha256:20872b464435512b74678b1155b75bd75220de5737ad8c075b9151c846543697"
url = "https://github.com/mvdan/gofumpt/releases/download/v0.10.0/gofumpt_v0.10.0_windows_amd64.exe"

[[tools."github:goreleaser/goreleaser-pro"]]
version = "2.15.4"
backend = "github:goreleaser/goreleaser-pro"

[tools."github:goreleaser/goreleaser-pro"."platforms.linux-arm64"]
checksum = "sha256:c2714766cd73d45997e10397cf9ed889ef17761e9ffdcb72f179fec605d6155f"
url = "https://github.com/goreleaser/goreleaser-pro/releases/download/v2.15.4/goreleaser-pro_Linux_arm64.tar.gz"
url_api = "https://api.github.com/repos/goreleaser/goreleaser-pro/releases/assets/401587720"

[tools."github:goreleaser/goreleaser-pro"."platforms.linux-arm64-musl"]
checksum = "sha256:c2714766cd73d45997e10397cf9ed889ef17761e9ffdcb72f179fec605d6155f"
url = "https://github.com/goreleaser/goreleaser-pro/releases/download/v2.15.4/goreleaser-pro_Linux_arm64.tar.gz"
url_api = "https://api.github.com/repos/goreleaser/goreleaser-pro/releases/assets/401587720"

[tools."github:goreleaser/goreleaser-pro"."platforms.linux-x64"]
checksum = "sha256:a7902f82d5afdcc2f43d5333d0f9d77db2d2c261b33189182c5358fc2f0bc1dc"
url = "https://github.com/goreleaser/goreleaser-pro/releases/download/v2.15.4/goreleaser-pro_Linux_x86_64.tar.gz"
url_api = "https://api.github.com/repos/goreleaser/goreleaser-pro/releases/assets/401587704"

[tools."github:goreleaser/goreleaser-pro"."platforms.linux-x64-musl"]
checksum = "sha256:a7902f82d5afdcc2f43d5333d0f9d77db2d2c261b33189182c5358fc2f0bc1dc"
url = "https://github.com/goreleaser/goreleaser-pro/releases/download/v2.15.4/goreleaser-pro_Linux_x86_64.tar.gz"
url_api = "https://api.github.com/repos/goreleaser/goreleaser-pro/releases/assets/401587704"

[tools."github:goreleaser/goreleaser-pro"."platforms.macos-arm64"]
checksum = "sha256:f48b6ce7d17d959a2fdb033ece22c09e90e12956cac9c6ab40a7cfe6d6d202d3"
url = "https://github.com/goreleaser/goreleaser-pro/releases/download/v2.15.4/goreleaser-pro_Darwin_arm64.tar.gz"
url_api = "https://api.github.com/repos/goreleaser/goreleaser-pro/releases/assets/401587658"

[tools."github:goreleaser/goreleaser-pro"."platforms.macos-x64"]
checksum = "sha256:0f115ca6678220e06df496c112b7c86f0e059b4e64832f5fce97e31c9027bea0"
url = "https://github.com/goreleaser/goreleaser-pro/releases/download/v2.15.4/goreleaser-pro_Darwin_x86_64.tar.gz"
url_api = "https://api.github.com/repos/goreleaser/goreleaser-pro/releases/assets/401587659"

[tools."github:goreleaser/goreleaser-pro"."platforms.windows-x64"]
checksum = "sha256:3adf85a67efd6c43caaa11256d396c93a8b753bd5d477b1faaea135604a78bc4"
url = "https://github.com/goreleaser/goreleaser-pro/releases/download/v2.15.4/goreleaser-pro_Windows_x86_64.zip"
url_api = "https://api.github.com/repos/goreleaser/goreleaser-pro/releases/assets/401587867"

[[tools.go]]
version = "1.26.2"
backend = "core:go"

[tools.go."platforms.linux-arm64"]
checksum = "sha256:c958a1fe1b361391db163a485e21f5f228142d6f8b584f6bef89b26f66dc5b23"
url = "https://dl.google.com/go/go1.26.2.linux-arm64.tar.gz"

[tools.go."platforms.linux-arm64-musl"]
checksum = "sha256:c958a1fe1b361391db163a485e21f5f228142d6f8b584f6bef89b26f66dc5b23"
url = "https://dl.google.com/go/go1.26.2.linux-arm64.tar.gz"

[tools.go."platforms.linux-x64"]
checksum = "sha256:990e6b4bbba816dc3ee129eaeaf4b42f17c2800b88a2166c265ac1a200262282"
url = "https://dl.google.com/go/go1.26.2.linux-amd64.tar.gz"

[tools.go."platforms.linux-x64-musl"]
checksum = "sha256:990e6b4bbba816dc3ee129eaeaf4b42f17c2800b88a2166c265ac1a200262282"
url = "https://dl.google.com/go/go1.26.2.linux-amd64.tar.gz"

[tools.go."platforms.macos-arm64"]
checksum = "sha256:32af1522bf3e3ff3975864780a429cc0b41d190ec7bf90faa661d6d64566e7af"
url = "https://dl.google.com/go/go1.26.2.darwin-arm64.tar.gz"

[tools.go."platforms.macos-x64"]
checksum = "sha256:bc3f1500d9968c36d705442d90ba91addf9271665033748b82532682e90a7966"
url = "https://dl.google.com/go/go1.26.2.darwin-amd64.tar.gz"

[tools.go."platforms.windows-x64"]
checksum = "sha256:98eb3570bade15cb826b0909338df6cc6d2cf590bc39c471142002db3832b708"
url = "https://dl.google.com/go/go1.26.2.windows-amd64.zip"

[[tools."go:github.com/nikolaydubina/go-cover-treemap"]]
version = "1.5.1"
backend = "go:github.com/nikolaydubina/go-cover-treemap"

[[tools.golangci-lint]]
version = "2.12.1"
backend = "aqua:golangci/golangci-lint"

[tools.golangci-lint."platforms.linux-arm64"]
checksum = "sha256:23c8e14f42b288d11d46ef52c622e2481d92901edfb263c2cf10875f38d386c4"
url = "https://github.com/golangci/golangci-lint/releases/download/v2.12.1/golangci-lint-2.12.1-linux-arm64.tar.gz"
provenance = "github-attestations"

[tools.golangci-lint."platforms.linux-arm64-musl"]
checksum = "sha256:23c8e14f42b288d11d46ef52c622e2481d92901edfb263c2cf10875f38d386c4"
url = "https://github.com/golangci/golangci-lint/releases/download/v2.12.1/golangci-lint-2.12.1-linux-arm64.tar.gz"
provenance = "github-attestations"

[tools.golangci-lint."platforms.linux-x64"]
checksum = "sha256:82c7932d9aa10c34e22ef56961ac5aad71d4a14806a1a31b06931add2688b368"
url = "https://github.com/golangci/golangci-lint/releases/download/v2.12.1/golangci-lint-2.12.1-linux-amd64.tar.gz"
provenance = "github-attestations"

[tools.golangci-lint."platforms.linux-x64-musl"]
checksum = "sha256:82c7932d9aa10c34e22ef56961ac5aad71d4a14806a1a31b06931add2688b368"
url = "https://github.com/golangci/golangci-lint/releases/download/v2.12.1/golangci-lint-2.12.1-linux-amd64.tar.gz"
provenance = "github-attestations"

[tools.golangci-lint."platforms.macos-arm64"]
checksum = "sha256:393a64ef9b75a5b6c8c8bf8895b8d8208790e6690a43de19a12f3f8bc0e9ad52"
url = "https://github.com/golangci/golangci-lint/releases/download/v2.12.1/golangci-lint-2.12.1-darwin-arm64.tar.gz"
provenance = "github-attestations"

[tools.golangci-lint."platforms.macos-x64"]
checksum = "sha256:26a9508ee6d35e89201145b94261d7b55d779474c57677a7bba8b1f12f59309f"
url = "https://github.com/golangci/golangci-lint/releases/download/v2.12.1/golangci-lint-2.12.1-darwin-amd64.tar.gz"
provenance = "github-attestations"

[tools.golangci-lint."platforms.windows-x64"]
checksum = "sha256:2b2f837b2a7b91787ecb9b7493bdeae801e9f84e6588984b2c33c34dc2956478"
url = "https://github.com/golangci/golangci-lint/releases/download/v2.12.1/golangci-lint-2.12.1-windows-amd64.zip"
provenance = "github-attestations"

[[tools.ko]]
version = "0.18.1"
backend = "aqua:ko-build/ko"

[tools.ko."platforms.linux-arm64"]
checksum = "sha256:9a26698876892128952fa3d038a4e99bea961d0d225865c60474b79e3db12e99"
url = "https://github.com/ko-build/ko/releases/download/v0.18.1/ko_0.18.1_Linux_arm64.tar.gz"

[tools.ko."platforms.linux-arm64-musl"]
checksum = "sha256:9a26698876892128952fa3d038a4e99bea961d0d225865c60474b79e3db12e99"
url = "https://github.com/ko-build/ko/releases/download/v0.18.1/ko_0.18.1_Linux_arm64.tar.gz"

[tools.ko."platforms.linux-arm64-musl".provenance.slsa]
url = "https://github.com/ko-build/ko/releases/download/v0.18.1/multiple.intoto.jsonl"

[tools.ko."platforms.linux-x64"]
checksum = "sha256:048ab11818089a43b7b74bc554494a79a3fd0d9822c061142e5cd3cf8b30cb27"
url = "https://github.com/ko-build/ko/releases/download/v0.18.1/ko_0.18.1_Linux_x86_64.tar.gz"

[tools.ko."platforms.linux-x64-musl"]
checksum = "sha256:048ab11818089a43b7b74bc554494a79a3fd0d9822c061142e5cd3cf8b30cb27"
url = "https://github.com/ko-build/ko/releases/download/v0.18.1/ko_0.18.1_Linux_x86_64.tar.gz"

[tools.ko."platforms.linux-x64-musl".provenance.slsa]
url = "https://github.com/ko-build/ko/releases/download/v0.18.1/multiple.intoto.jsonl"

[tools.ko."platforms.macos-arm64"]
checksum = "sha256:752a639e0fbc013a35a43974b5ed87e7008bc2aee4952dfd2cc19f0013205492"
url = "https://github.com/ko-build/ko/releases/download/v0.18.1/ko_0.18.1_Darwin_arm64.tar.gz"

[tools.ko."platforms.macos-arm64".provenance.slsa]
url = "https://github.com/ko-build/ko/releases/download/v0.18.1/multiple.intoto.jsonl"

[tools.ko."platforms.macos-x64"]
checksum = "sha256:0e0dd8fddbefebb8572ece4dca8f07a7472de862fedd7e9845fd9d651e0d5dbe"
url = "https://github.com/ko-build/ko/releases/download/v0.18.1/ko_0.18.1_Darwin_x86_64.tar.gz"

[tools.ko."platforms.windows-x64"]
checksum = "sha256:d15c5e391279a2222d4d659ac53047e08d70e21fea54b2133f0a5c25a1f1f694"
url = "https://github.com/ko-build/ko/releases/download/v0.18.1/ko_0.18.1_Windows_x86_64.tar.gz"

[[tools.lefthook]]
version = "2.1.6"
backend = "aqua:evilmartians/lefthook"

[tools.lefthook."platforms.linux-arm64"]
checksum = "sha256:f85cc031da8e3571418170ab53f1e6e184a086b58683e13660bd5248974159a4"
url = "https://github.com/evilmartians/lefthook/releases/download/v2.1.6/lefthook_2.1.6_Linux_aarch64.gz"

[tools.lefthook."platforms.linux-arm64-musl"]
checksum = "sha256:f85cc031da8e3571418170ab53f1e6e184a086b58683e13660bd5248974159a4"
url = "https://github.com/evilmartians/lefthook/releases/download/v2.1.6/lefthook_2.1.6_Linux_aarch64.gz"
provenance = "github-attestations"

[tools.lefthook."platforms.linux-x64"]
checksum = "sha256:fab3d2715a922d9625c9024e6ffb6e1271edd613aa9b213c2049482cde8ae183"
url = "https://github.com/evilmartians/lefthook/releases/download/v2.1.6/lefthook_2.1.6_Linux_x86_64.gz"

[tools.lefthook."platforms.linux-x64-musl"]
checksum = "sha256:fab3d2715a922d9625c9024e6ffb6e1271edd613aa9b213c2049482cde8ae183"
url = "https://github.com/evilmartians/lefthook/releases/download/v2.1.6/lefthook_2.1.6_Linux_x86_64.gz"
provenance = "github-attestations"

[tools.lefthook."platforms.macos-arm64"]
checksum = "sha256:f07c97c32376749edb5b34179c16c6d87dd3e7ca0040aee911f38c821de0daab"
url = "https://github.com/evilmartians/lefthook/releases/download/v2.1.6/lefthook_2.1.6_MacOS_arm64.gz"
provenance = "github-attestations"

[tools.lefthook."platforms.macos-x64"]
checksum = "sha256:93c6d51823f94a7f26a2bbb84f59504378b178f55d6c90744169693ed3e89013"
url = "https://github.com/evilmartians/lefthook/releases/download/v2.1.6/lefthook_2.1.6_MacOS_x86_64.gz"

[tools.lefthook."platforms.windows-x64"]
checksum = "sha256:6704b01a72414affcc921740a7d6c621fe60c3082b291c9730900a2c6a352516"
url = "https://github.com/evilmartians/lefthook/releases/download/v2.1.6/lefthook_2.1.6_Windows_x86_64.gz"
